
Microsoft Visual Studio Solution File, Format Version 12.00
# Visual Studio Version 16
VisualStudioVersion = 16.0.29306.81
MinimumVisualStudioVersion = 10.0.40219.1
Project("{FAE04EC0-301F-11D3-BF4B-00C04F79EFBC}") = "Common", "Common\Common.csproj", "{E9BF6C24-B9C7-4F1A-8964-D4DF9CFBC9DD}"
EndProject
Project("{FAE04EC0-301F-11D3-BF4B-00C04F79EFBC}") = "DataRepository", "DataRepository\DataRepository.csproj", "{49D6D887-3F6F-4533-908D-47C7733672E9}"
EndProject
Project("{FAE04EC0-301F-11D3-BF4B-00C04F79EFBC}") = "PresentationWPF", "PresentationWPF\PresentationWPF.csproj", "{957A73E3-3EC9-4D27-A0FD-3A57A8905B50}"
EndProject
Project("{9A19103F-16F7-4668-BE54-9A1E7A4F7556}") = "DataWebApi", "DataWebApi\DataWebApi.csproj", "{E69DAD86-9B17-472A-AAEB-50763E5CC9C9}"
EndProject
Project("{FAE04EC0-301F-11D3-BF4B-00C04F79EFBC}") = "FileDataStorage", "FileDataStorage\FileDataStorage.csproj", "{FEFD1502-112E-407A-990F-3EB7F02A59EE}"
EndProject
Project("{FAE04EC0-301F-11D3-BF4B-00C04F79EFBC}") = "SQLDataStorage", "SQLDataStorage\SQLDataStorage.csproj", "{7C53A45E-A11D-47A7-B4E2-66639D6CA356}"
EndProject
Project("{FAE04EC0-301F-11D3-BF4B-00C04F79EFBC}") = "ReasonProvider", "ReasonProvider\ReasonProvider.csproj", "{38D01B12-5132-4EF1-A4BF-A939FC976485}"
EndProject
Project("{FAE04EC0-301F-11D3-BF4B-00C04F79EFBC}") = "DapperDataStorage", "DapperDataStorage\DapperDataStorage.csproj", "{06BA6161-E5A9-49CB-AA45-10089D9C4B60}"
EndProject
Global
	GlobalSection(SolutionConfigurationPlatforms) = preSolution
		Debug|Any CPU = Debug|Any CPU
		Release|Any CPU = Release|Any CPU
	EndGlobalSection
	GlobalSection(ProjectConfigurationPlatforms) = postSolution
		{E9BF6C24-B9C7-4F1A-8964-D4DF9CFBC9DD}.Debug|Any CPU.ActiveCfg = Debug|Any CPU
		{E9BF6C24-B9C7-4F1A-8964-D4DF9CFBC9DD}.Debug|Any CPU.Build.0 = Debug|Any CPU
		{E9BF6C24-B9C7-4F1A-8964-D4DF9CFBC9DD}.Release|Any CPU.ActiveCfg = Release|Any CPU
		{E9BF6C24-B9C7-4F1A-8964-D4DF9CFBC9DD}.Release|Any CPU.Build.0 = Release|Any CPU
		{49D6D887-3F6F-4533-908D-47C7733672E9}.Debug|Any CPU.ActiveCfg = Debug|Any CPU
		{49D6D887-3F6F-4533-908D-47C7733672E9}.Debug|Any CPU.Build.0 = Debug|Any CPU
		{49D6D887-3F6F-4533-908D-47C7733672E9}.Release|Any CPU.ActiveCfg = Release|Any CPU
		{49D6D887-3F6F-4533-908D-47C7733672E9}.Release|Any CPU.Build.0 = Release|Any CPU
		{957A73E3-3EC9-4D27-A0FD-3A57A8905B50}.Debug|Any CPU.ActiveCfg = Debug|Any CPU
		{957A73E3-3EC9-4D27-A0FD-3A57A8905B50}.Debug|Any CPU.Build.0 = Debug|Any CPU
		{957A73E3-3EC9-4D27-A0FD-3A57A8905B50}.Release|Any CPU.ActiveCfg = Release|Any CPU
		{957A73E3-3EC9-4D27-A0FD-3A57A8905B50}.Release|Any CPU.Build.0 = Release|Any CPU
		{E69DAD86-9B17-472A-AAEB-50763E5CC9C9}.Debug|Any CPU.ActiveCfg = Debug|Any CPU
		{E69DAD86-9B17-472A-AAEB-50763E5CC9C9}.Debug|Any CPU.Build.0 = Debug|Any CPU
		{E69DAD86-9B17-472A-AAEB-50763E5CC9C9}.Release|Any CPU.ActiveCfg = Release|Any CPU
		{E69DAD86-9B17-472A-AAEB-50763E5CC9C9}.Release|Any CPU.Build.0 = Release|Any CPU
		{FEFD1502-112E-407A-990F-3EB7F02A59EE}.Debug|Any CPU.ActiveCfg = Debug|Any CPU
		{FEFD1502-112E-407A-990F-3EB7F02A59EE}.Debug|Any CPU.Build.0 = Debug|Any CPU
		{FEFD1502-112E-407A-990F-3EB7F02A59EE}.Release|Any CPU.ActiveCfg = Release|Any CPU
		{FEFD1502-112E-407A-990F-3EB7F02A59EE}.Release|Any CPU.Build.0 = Release|Any CPU
		{7C53A45E-A11D-47A7-B4E2-66639D6CA356}.Debug|Any CPU.ActiveCfg = Debug|Any CPU
		{7C53A45E-A11D-47A7-B4E2-66639D6CA356}.Debug|Any CPU.Build.0 = Debug|Any CPU
		{7C53A45E-A11D-47A7-B4E2-66639D6CA356}.Release|Any CPU.ActiveCfg = Release|Any CPU
		{7C53A45E-A11D-47A7-B4E2-66639D6CA356}.Release|Any CPU.Build.0 = Release|Any CPU
		{38D01B12-5132-4EF1-A4BF-A939FC976485}.Debug|Any CPU.ActiveCfg = Debug|Any CPU
		{38D01B12-5132-4EF1-A4BF-A939FC976485}.Debug|Any CPU.Build.0 = Debug|Any CPU
		{38D01B12-5132-4EF1-A4BF-A939FC976485}.Release|Any CPU.ActiveCfg = Release|Any CPU
		{38D01B12-5132-4EF1-A4BF-A939FC976485}.Release|Any CPU.Build.0 = Release|Any CPU
		{06BA6161-E5A9-49CB-AA45-10089D9C4B60}.Debug|Any CPU.ActiveCfg = Debug|Any CPU
		{06BA6161-E5A9-49CB-AA45-10089D9C4B60}.Debug|Any CPU.Build.0 = Debug|Any CPU
		{06BA6161-E5A9-49CB-AA45-10089D9C4B60}.Release|Any CPU.ActiveCfg = Release|Any CPU
		{06BA6161-E5A9-49CB-AA45-10089D9C4B60}.Release|Any CPU.Build.0 = Release|Any CPU
	EndGlobalSection
	GlobalSection(SolutionProperties) = preSolution
		HideSolutionNode = FALSE
	EndGlobalSection
	GlobalSection(ExtensibilityGlobals) = postSolution
		SolutionGuid = {7A6D0861-C26B-478B-A50C-038786EA4D8A}
	EndGlobalSection
EndGlobal
